{
  "version": 4,
  "terraform_version": "1.14.4",
  "serial": 218,
  "lineage": "1cfe8a9d-f749-b4b9-cabd-e9e3bdb00712",
  "outputs": {},
  "resources": [
    {
      "mode": "managed",
      "type": "github_issue",
      "name": "tasks",
      "provider": "provider[\"registry.terraform.io/integrations/github\"]",
      "instances": [
        {
          "index_key": 0,
          "schema_version": 0,
          "attributes": {
            "assignees": [],
            "body": "The builder stage packages all the tools and compile-time dependencies\nfor your application. It has to build the mix release that will be\ncopied in the running stage.\n",
            "etag": "W/\"5aaa33474fcf8e10906c1a507b5ee4303495c2724e96faa62c0e3e661bb2958f\"",
            "id": "kanban:10",
            "issue_id": 3912949286,
            "labels": [
              "Dockerfile",
              "Kind:Infrastructure"
            ],
            "milestone_number": 3,
            "number": 10,
            "repository": "kanban",
            "title": "Implement the Dockerfile's builder stage"
          },
          "sensitive_attributes": [],
          "identity_schema_version": 0,
          "private": "bnVsbA==",
          "dependencies": [
            "github_issue_label.issues_labels",
            "github_repository.kanban",
            "github_repository_milestone.epics"
          ]
        },
        {
          "index_key": 1,
          "schema_version": 0,
          "attributes": {
            "assignees": null,
            "body": "This stage copies the release built in the builder stage and uses it as\nthe entrypoint of your Docker image with the minimum system requirement\nto run it.\n",
            "etag": "W/\"6cb131c7e7a475f064d32a4ed07305f30ddb25fe3b623f692dc7a189e9057849\"",
            "id": "kanban:12",
            "issue_id": 3912949422,
            "labels": [
              "Dockerfile",
              "Kind:Infrastructure"
            ],
            "milestone_number": 3,
            "number": 12,
            "repository": "kanban",
            "title": "Implement the Dockerfile's runner stage"
          },
          "sensitive_attributes": [],
          "identity_schema_version": 0,
          "private": "bnVsbA==",
          "dependencies": [
            "github_issue_label.issues_labels",
            "github_repository.kanban",
            "github_repository_milestone.epics"
          ]
        },
        {
          "index_key": 2,
          "schema_version": 0,
          "attributes": {
            "assignees": [],
            "body": "Implement a CI pipeline that includes all of the necessary steps when\ndelivering an Elixir application: code compilation, dependency caching,\ntesting, code formatting, an unused dependency check.\n",
            "etag": "W/\"12791c6b23351f86915abe77b45dc5841db8e1a06695842b1bdc1c1000c1a45c\"",
            "id": "kanban:3",
            "issue_id": 3912948892,
            "labels": [
              "Kind:CI-CD",
              "Tech:Elixir"
            ],
            "milestone_number": 2,
            "number": 3,
            "repository": "kanban",
            "title": "Elixir integration pipelines"
          },
          "sensitive_attributes": [],
          "identity_schema_version": 0,
          "private": "bnVsbA==",
          "dependencies": [
            "github_issue_label.issues_labels",
            "github_repository.kanban",
            "github_repository_milestone.epics"
          ]
        },
        {
          "index_key": 3,
          "schema_version": 0,
          "attributes": {
            "assignees": [],
            "body": "Automate the pushing of your Docker image to the GitHub Docker registry if\nyour CI pipeline passes. You will need to authenticate yourself with the\nregistry before being able to push. You should create three tags for your\nDocker image: one that matches the commit it refers to, one that matches the\npull request number (if present), and other that is \"latest\".\n",
            "etag": "W/\"ae0596a30c3d8f38d3a7abb42f380f79f9b362bbc83aa7676420ae6b11fe1594\"",
            "id": "kanban:2",
            "issue_id": 3912948854,
            "labels": [
              "Kind:CI-CD",
              "Tech:Docker"
            ],
            "milestone_number": 2,
            "number": 2,
            "repository": "kanban",
            "title": "Push Docker image to GitHub registry automatically"
          },
          "sensitive_attributes": [],
          "identity_schema_version": 0,
          "private": "bnVsbA==",
          "dependencies": [
            "github_issue_label.issues_labels",
            "github_repository.kanban",
            "github_repository_milestone.epics"
          ]
        },
        {
          "index_key": 4,
          "schema_version": 0,
          "attributes": {
            "assignees": [],
            "body": "Create a Docker Compose file that includes a PostgreSQL database and your\nPhoenix Live View application.\n",
            "etag": "W/\"765cdd02e7112ef3b71d239ce6a704f7c76c4cf4ac95d7db53577a352d67fdbe\"",
            "id": "kanban:1",
            "issue_id": 3912948821,
            "labels": [
              "Env:Local",
              "Kind:Infrastructure",
              "Tech:Docker-Compose"
            ],
            "milestone_number": 3,
            "number": 1,
            "repository": "kanban",
            "title": "Create a Docker Compose file"
          },
          "sensitive_attributes": [],
          "identity_schema_version": 0,
          "private": "bnVsbA==",
          "dependencies": [
            "github_issue_label.issues_labels",
            "github_repository.kanban",
            "github_repository_milestone.epics"
          ]
        },
        {
          "index_key": 5,
          "schema_version": 0,
          "attributes": {
            "assignees": null,
            "body": "Add all of the AWS resources that will allow you to deploy your application\nto a remote single-node swarm to your Terraform configuration. (Making the\nresources support a multi-node swarm will be in another task). You need to\nadd an EC2 instance, a VPC, a security group, SSH key pair.\n",
            "etag": "W/\"c50c340428abcc729821adb1027970434e13073346bdf549106d3a43df4713f4\"",
            "id": "kanban:15",
            "issue_id": 3912949683,
            "labels": [
              "Env:AWS",
              "Kind:Infrastructure",
              "Tech:Terraform"
            ],
            "milestone_number": 3,
            "number": 15,
            "repository": "kanban",
            "title": "Create production env in AWS for a single-node swarm"
          },
          "sensitive_attributes": [],
          "identity_schema_version": 0,
          "private": "bnVsbA==",
          "dependencies": [
            "github_issue_label.issues_labels",
            "github_repository.kanban",
            "github_repository_milestone.epics"
          ]
        },
        {
          "index_key": 6,
          "schema_version": 0,
          "attributes": {
            "assignees": [],
            "body": "Use Packer to create a custom AMI (Amazon Machine Image) for your EC2\ninstances and then link it to your existing AWS Terraform infrastructure.\nThis AMI should pre-install Docker and netcat.\n",
            "etag": "W/\"52e07995cd48e1ea6c54dd5d9852ffcae2005dd71019ce81bfe33d2962a5cf37\"",
            "id": "kanban:11",
            "issue_id": 3912949325,
            "labels": [
              "Env:AWS",
              "Kind:Infrastructure",
              "Tech:Packer"
            ],
            "milestone_number": 3,
            "number": 11,
            "repository": "kanban",
            "title": "Create the EC2 AMI"
          },
          "sensitive_attributes": [],
          "identity_schema_version": 0,
          "private": "bnVsbA==",
          "dependencies": [
            "github_issue_label.issues_labels",
            "github_repository.kanban",
            "github_repository_milestone.epics"
          ]
        },
        {
          "index_key": 7,
          "schema_version": 0,
          "attributes": {
            "assignees": [],
            "body": "Add a new GitHub action to your CI/CD pipeline that automatically deploys\nyour Phoenix Live View application any time any code is merged into the main\nbranch of your repository. This action should use the build tags that are\ncreated in the CI pipeline.\n",
            "etag": "W/\"7ecac7448021c9693fd8c19f593d3a2ca26beea005bf8b885198b48b7b747634\"",
            "id": "kanban:6",
            "issue_id": 3912948993,
            "labels": [
              "Kind:CI-CD",
              "Tech:GHA",
              "Tech:SOPS"
            ],
            "milestone_number": 2,
            "number": 6,
            "repository": "kanban",
            "title": "Create a Continuous Deployment pipeline"
          },
          "sensitive_attributes": [],
          "identity_schema_version": 0,
          "private": "bnVsbA==",
          "dependencies": [
            "github_issue_label.issues_labels",
            "github_repository.kanban",
            "github_repository_milestone.epics"
          ]
        },
        {
          "index_key": 8,
          "schema_version": 0,
          "attributes": {
            "assignees": null,
            "body": "Use Docker secrets to hide the values to the following variables in your\nDocker Compose file: DATABASE_URL, POSTGRES_PASSWORD, and SECRET_KEY_BASE.\n",
            "etag": "W/\"6ca7d3b40d91a2ea76f381c7d6eca8f014cd7db218fce8df12abf4479e41d6ae\"",
            "id": "kanban:14",
            "issue_id": 3912949500,
            "labels": [
              "Kind:CI-CD",
              "Tech:GHA",
              "Tech:SOPS"
            ],
            "milestone_number": 2,
            "number": 14,
            "repository": "kanban",
            "title": "Hide any sensitive data using Docker secrets"
          },
          "sensitive_attributes": [],
          "identity_schema_version": 0,
          "private": "bnVsbA==",
          "dependencies": [
            "github_issue_label.issues_labels",
            "github_repository.kanban",
            "github_repository_milestone.epics"
          ]
        },
        {
          "index_key": 9,
          "schema_version": 0,
          "attributes": {
            "assignees": [],
            "body": "Revise your Terraform configuration so that it can support a multi-node\nswarm. To do this, create more than one EC2 instance and distribute it\nacross 3 availibility zones.\n",
            "etag": "W/\"7223cf290fd41a1e74262fdde479ebbe297acfff05eb71a8de10463b9052c6b8\"",
            "id": "kanban:9",
            "issue_id": 3912949250,
            "labels": [
              "Env:AWS",
              "Kind:Infrastructure",
              "Tech:Terraform"
            ],
            "milestone_number": 3,
            "number": 9,
            "repository": "kanban",
            "title": "Update Terraform Configuration for a multi-node swarm"
          },
          "sensitive_attributes": [],
          "identity_schema_version": 0,
          "private": "bnVsbA==",
          "dependencies": [
            "github_issue_label.issues_labels",
            "github_repository.kanban",
            "github_repository_milestone.epics"
          ]
        },
        {
          "index_key": 10,
          "schema_version": 0,
          "attributes": {
            "assignees": null,
            "body": "Make the different instances of your Phoenix Live View Application form part\nof a distributed Erlang cluster. Do this using the libcluster library after\nyou start the application as an Erlang node.\n",
            "etag": "W/\"9a16adb7b1b84b6db346a5e0e38aabcbb60e2de84bbea68e08086efd16326d7c\"",
            "id": "kanban:13",
            "issue_id": 3912949466,
            "labels": [
              "Kind:Infrastructure",
              "Tech:Elixir"
            ],
            "milestone_number": 3,
            "number": 13,
            "repository": "kanban",
            "title": "Make Elixir app part of a Distributed Erlang cluster"
          },
          "sensitive_attributes": [],
          "identity_schema_version": 0,
          "private": "bnVsbA==",
          "dependencies": [
            "github_issue_label.issues_labels",
            "github_repository.kanban",
            "github_repository_milestone.epics"
          ]
        },
        {
          "index_key": 11,
          "schema_version": 0,
          "attributes": {
            "assignees": [],
            "body": "Adapt your AWS Terraform configuration to use an Auto Scaling Group so that\nyour Elixir application scales up/down depending on the average CPU usage of\nthe EC2 intances in that group.\n",
            "etag": "W/\"6e0d54e25af35d3ad4d71b5bc103d06d6be1b0ff1eaffe22d55d020ba2f77071\"",
            "id": "kanban:4",
            "issue_id": 3912948933,
            "labels": [
              "Env:AWS",
              "Kind:Infrastructure",
              "Tech:Terraform"
            ],
            "milestone_number": 3,
            "number": 4,
            "repository": "kanban",
            "title": "Make the Elixir application autoscale"
          },
          "sensitive_attributes": [],
          "identity_schema_version": 0,
          "private": "bnVsbA==",
          "dependencies": [
            "github_issue_label.issues_labels",
            "github_repository.kanban",
            "github_repository_milestone.epics"
          ]
        },
        {
          "index_key": 12,
          "schema_version": 0,
          "attributes": {
            "assignees": [],
            "body": "Update the deployment keys of your Phoenix Live View application so that\nit automatically rolls back to a previous version if the image you want\nto deploy does not start properly.\n",
            "etag": "W/\"be6d6d1a8b230e31685a18f154b093f3d00414295d7a0e3f14be67aab61de29a\"",
            "id": "kanban:8",
            "issue_id": 3912949214,
            "labels": [
              "Kind:Infrastructure",
              "Tech:Docker"
            ],
            "milestone_number": 3,
            "number": 8,
            "repository": "kanban",
            "title": "Implement automatic rollback upon failed deployments"
          },
          "sensitive_attributes": [],
          "identity_schema_version": 0,
          "private": "bnVsbA==",
          "dependencies": [
            "github_issue_label.issues_labels",
            "github_repository.kanban",
            "github_repository_milestone.epics"
          ]
        },
        {
          "index_key": 13,
          "schema_version": 0,
          "attributes": {
            "assignees": [],
            "body": "Use Loki and Promtail to collect the logs for your Docker containers and\nGrafana to display them. Then use Prometheus and PromEx to collect the\nmetrics exposed by the main libraries used in an Elixir application.\n",
            "etag": "W/\"e6f4beaf84ffc140efbf482401dc705190c697cd8916ffc8d77422218ddff6bd\"",
            "id": "kanban:5",
            "issue_id": 3912948966,
            "labels": [
              "Kind:Instrumentation",
              "Tech:Docker",
              "Tech:Elixir"
            ],
            "milestone_number": 1,
            "number": 5,
            "repository": "kanban",
            "title": "Implement Basic Instrumentation"
          },
          "sensitive_attributes": [],
          "identity_schema_version": 0,
          "private": "bnVsbA==",
          "dependencies": [
            "github_issue_label.issues_labels",
            "github_repository.kanban",
            "github_repository_milestone.epics"
          ]
        },
        {
          "index_key": 14,
          "schema_version": 0,
          "attributes": {
            "assignees": null,
            "body": "Create your own custom PromEx metric that monitors the CPU usage of your\nElixir application.\n",
            "etag": "W/\"05b1ab1f73fddd924fee8a272683968ebe3bc03c394bb51101a80ff94b769e2c\"",
            "id": "kanban:16",
            "issue_id": 3912949716,
            "labels": [
              "Kind:Instrumentation",
              "Tech:Elixir"
            ],
            "milestone_number": 1,
            "number": 16,
            "repository": "kanban",
            "title": "Create Your Own Custom PromEx Metric"
          },
          "sensitive_attributes": [],
          "identity_schema_version": 0,
          "private": "bnVsbA==",
          "dependencies": [
            "github_issue_label.issues_labels",
            "github_repository.kanban",
            "github_repository_milestone.epics"
          ]
        },
        {
          "index_key": 15,
          "schema_version": 0,
          "attributes": {
            "assignees": [],
            "body": "Create an alert so that you are notified any time the average CPU of your\nElixir applications reaches above 50%.\n",
            "etag": "W/\"e524bb7a4478c3d009a085ec041148998186b5f553bf91d8d9d1f0572428b369\"",
            "id": "kanban:7",
            "issue_id": 3912949183,
            "labels": [
              "Kind:Instrumentation",
              "Tech:Elixir"
            ],
            "milestone_number": 1,
            "number": 7,
            "repository": "kanban",
            "title": "Create A CPU Alert For Your Application"
          },
          "sensitive_attributes": [],
          "identity_schema_version": 0,
          "private": "bnVsbA==",
          "dependencies": [
            "github_issue_label.issues_labels",
            "github_repository.kanban",
            "github_repository_milestone.epics"
          ]
        }
      ]
    },
    {
      "mode": "managed",
      "type": "github_issue_label",
      "name": "issues_labels",
      "provider": "provider[\"registry.terraform.io/integrations/github\"]",
      "instances": [
        {
          "index_key": "dockerfile",
          "schema_version": 0,
          "attributes": {
            "color": "3895AD",
            "description": "",
            "etag": "W/\"860e13fb0861fbbf7ebcb8c4099a85ff7755b99871508b5e91f7bff820527ed3\"",
            "id": "kanban:Dockerfile",
            "name": "Dockerfile",
            "repository": "kanban",
            "url": "https://api.github.com/repos/nonlinear-solutions/kanban/labels/Dockerfile"
          },
          "sensitive_attributes": [],
          "identity_schema_version": 0,
          "private": "bnVsbA==",
          "dependencies": [
            "github_repository.kanban"
          ]
        },
        {
          "index_key": "env-aws",
          "schema_version": 0,
          "attributes": {
            "color": "D3A968",
            "description": "",
            "etag": "W/\"8b5d21df071e6691d0653ad3ff2b2335d2d7995b86999c9eda477bb3f50a0a14\"",
            "id": "kanban:Env:AWS",
            "name": "Env:AWS",
            "repository": "kanban",
            "url": "https://api.github.com/repos/nonlinear-solutions/kanban/labels/Env:AWS"
          },
          "sensitive_attributes": [],
          "identity_schema_version": 0,
          "private": "bnVsbA==",
          "dependencies": [
            "github_repository.kanban"
          ]
        },
        {
          "index_key": "env-local",
          "schema_version": 0,
          "attributes": {
            "color": "0075ca",
            "description": "",
            "etag": "W/\"5c46b49e6df26334aee815423f1e6e0319a7d1ef5d0513da75a02fad9f979082\"",
            "id": "kanban:Env:Local",
            "name": "Env:Local",
            "repository": "kanban",
            "url": "https://api.github.com/repos/nonlinear-solutions/kanban/labels/Env:Local"
          },
          "sensitive_attributes": [],
          "identity_schema_version": 0,
          "private": "bnVsbA==",
          "dependencies": [
            "github_repository.kanban"
          ]
        },
        {
          "index_key": "kind-ci-cd",
          "schema_version": 0,
          "attributes": {
            "color": "FBCA04",
            "description": "",
            "etag": "W/\"4f521dee5a2004a41d7a3cc9b293f32816566d3b14f9bb1b1e4a56e93c1345b8\"",
            "id": "kanban:Kind:CI-CD",
            "name": "Kind:CI-CD",
            "repository": "kanban",
            "url": "https://api.github.com/repos/nonlinear-solutions/kanban/labels/Kind:CI-CD"
          },
          "sensitive_attributes": [],
          "identity_schema_version": 0,
          "private": "bnVsbA==",
          "dependencies": [
            "github_repository.kanban"
          ]
        },
        {
          "index_key": "kind-documentation",
          "schema_version": 0,
          "attributes": {
            "color": "5319E7",
            "description": "",
            "etag": "W/\"c7333700312d12a39b8d24cf30715b10bf7c641f39df51b26936225536d1c96f\"",
            "id": "kanban:Kind:Documentation",
            "name": "Kind:Documentation",
            "repository": "kanban",
            "url": "https://api.github.com/repos/nonlinear-solutions/kanban/labels/Kind:Documentation"
          },
          "sensitive_attributes": [],
          "identity_schema_version": 0,
          "private": "bnVsbA==",
          "dependencies": [
            "github_repository.kanban"
          ]
        },
        {
          "index_key": "kind-infrastructure",
          "schema_version": 0,
          "attributes": {
            "color": "B60205",
            "description": "",
            "etag": "W/\"12793224653ab382f9867ff03f1ed1e026120cb183a7dd60d76d997e05a15afc\"",
            "id": "kanban:Kind:Infrastructure",
            "name": "Kind:Infrastructure",
            "repository": "kanban",
            "url": "https://api.github.com/repos/nonlinear-solutions/kanban/labels/Kind:Infrastructure"
          },
          "sensitive_attributes": [],
          "identity_schema_version": 0,
          "private": "bnVsbA==",
          "dependencies": [
            "github_repository.kanban"
          ]
        },
        {
          "index_key": "kind-instrumentation",
          "schema_version": 0,
          "attributes": {
            "color": "0E8A16",
            "description": "",
            "etag": "W/\"48f503a09e30b2a78f4e6526cd0ed99bb84a335533286c676e9653491cc0609d\"",
            "id": "kanban:Kind:Instrumentation",
            "name": "Kind:Instrumentation",
            "repository": "kanban",
            "url": "https://api.github.com/repos/nonlinear-solutions/kanban/labels/Kind:Instrumentation"
          },
          "sensitive_attributes": [],
          "identity_schema_version": 0,
          "private": "bnVsbA==",
          "dependencies": [
            "github_repository.kanban"
          ]
        },
        {
          "index_key": "kind-uncategorized",
          "schema_version": 0,
          "attributes": {
            "color": "D93F0B",
            "description": "",
            "etag": "W/\"2ed84e606732b7e56b80d7d6c1bc342321959f7f33688aa636ff638f9d1e6eb0\"",
            "id": "kanban:Kind:Uncategorized",
            "name": "Kind:Uncategorized",
            "repository": "kanban",
            "url": "https://api.github.com/repos/nonlinear-solutions/kanban/labels/Kind:Uncategorized"
          },
          "sensitive_attributes": [],
          "identity_schema_version": 0,
          "private": "bnVsbA==",
          "dependencies": [
            "github_repository.kanban"
          ]
        },
        {
          "index_key": "tech-docker",
          "schema_version": 0,
          "attributes": {
            "color": "1D76DB",
            "description": "",
            "etag": "W/\"9a465d556886b186969d15f5748540a1ca1716b1d6b0bd818f44437f70cc9955\"",
            "id": "kanban:Tech:Docker",
            "name": "Tech:Docker",
            "repository": "kanban",
            "url": "https://api.github.com/repos/nonlinear-solutions/kanban/labels/Tech:Docker"
          },
          "sensitive_attributes": [],
          "identity_schema_version": 0,
          "private": "bnVsbA==",
          "dependencies": [
            "github_repository.kanban"
          ]
        },
        {
          "index_key": "tech-docker-compose",
          "schema_version": 0,
          "attributes": {
            "color": "006B75",
            "description": "",
            "etag": "W/\"886c4b565f1800b9203bb2d31ace474428ee6ad1cf85f7298133a27a52db3b5f\"",
            "id": "kanban:Tech:Docker-Compose",
            "name": "Tech:Docker-Compose",
            "repository": "kanban",
            "url": "https://api.github.com/repos/nonlinear-solutions/kanban/labels/Tech:Docker-Compose"
          },
          "sensitive_attributes": [],
          "identity_schema_version": 0,
          "private": "bnVsbA==",
          "dependencies": [
            "github_repository.kanban"
          ]
        },
        {
          "index_key": "tech-elixir",
          "schema_version": 0,
          "attributes": {
            "color": "D9B1FC",
            "description": "",
            "etag": "W/\"17ad6c6e005adfd12a34a6a45b08e80d40d43759ba94f4efaffc4d59632350d3\"",
            "id": "kanban:Tech:Elixir",
            "name": "Tech:Elixir",
            "repository": "kanban",
            "url": "https://api.github.com/repos/nonlinear-solutions/kanban/labels/Tech:Elixir"
          },
          "sensitive_attributes": [],
          "identity_schema_version": 0,
          "private": "bnVsbA==",
          "dependencies": [
            "github_repository.kanban"
          ]
        },
        {
          "index_key": "tech-gha",
          "schema_version": 0,
          "attributes": {
            "color": "66FE68",
            "description": "",
            "etag": "W/\"9fad7b4275eebf0054b79309e66a1b02f7910e9b117856904d1eab009bc475f6\"",
            "id": "kanban:Tech:GHA",
            "name": "Tech:GHA",
            "repository": "kanban",
            "url": "https://api.github.com/repos/nonlinear-solutions/kanban/labels/Tech:GHA"
          },
          "sensitive_attributes": [],
          "identity_schema_version": 0,
          "private": "bnVsbA==",
          "dependencies": [
            "github_repository.kanban"
          ]
        },
        {
          "index_key": "tech-packer",
          "schema_version": 0,
          "attributes": {
            "color": "1D76DB",
            "description": "",
            "etag": "W/\"d8d29cd4d40673cb6dba42258a0d2ed6129696f4d98491216ad07cc2fd86f0e5\"",
            "id": "kanban:Tech:Packer",
            "name": "Tech:Packer",
            "repository": "kanban",
            "url": "https://api.github.com/repos/nonlinear-solutions/kanban/labels/Tech:Packer"
          },
          "sensitive_attributes": [],
          "identity_schema_version": 0,
          "private": "bnVsbA==",
          "dependencies": [
            "github_repository.kanban"
          ]
        },
        {
          "index_key": "tech-sops",
          "schema_version": 0,
          "attributes": {
            "color": "F9D0C4",
            "description": "",
            "etag": "W/\"ce51c6f3dc2ba8177229ac9eb6ee3a786019f498c05515182e91f300b3f0c60c\"",
            "id": "kanban:Tech:SOPS",
            "name": "Tech:SOPS",
            "repository": "kanban",
            "url": "https://api.github.com/repos/nonlinear-solutions/kanban/labels/Tech:SOPS"
          },
          "sensitive_attributes": [],
          "identity_schema_version": 0,
          "private": "bnVsbA==",
          "dependencies": [
            "github_repository.kanban"
          ]
        },
        {
          "index_key": "tech-terraform",
          "schema_version": 0,
          "attributes": {
            "color": "5319A1",
            "description": "",
            "etag": "W/\"3383c106f1caab98cd8b97f019e8b6e5c5ea144fbe5144e75b1348b79893eb80\"",
            "id": "kanban:Tech:Terraform",
            "name": "Tech:Terraform",
            "repository": "kanban",
            "url": "https://api.github.com/repos/nonlinear-solutions/kanban/labels/Tech:Terraform"
          },
          "sensitive_attributes": [],
          "identity_schema_version": 0,
          "private": "bnVsbA==",
          "dependencies": [
            "github_repository.kanban"
          ]
        }
      ]
    },
    {
      "mode": "managed",
      "type": "github_repository",
      "name": "kanban",
      "provider": "provider[\"registry.terraform.io/integrations/github\"]",
      "instances": [
        {
          "schema_version": 1,
          "attributes": {
            "allow_auto_merge": false,
            "allow_merge_commit": true,
            "allow_rebase_merge": true,
            "allow_squash_merge": true,
            "allow_update_branch": false,
            "archive_on_destroy": null,
            "archived": false,
            "auto_init": true,
            "default_branch": "main",
            "delete_branch_on_merge": true,
            "description": "Taking the BEAM to production pragmatically.",
            "etag": "W/\"b645827a21375111ead63669c8d85cafb8f04d5c979737d75d14a62f71579908\"",
            "full_name": "nonlinear-solutions/kanban",
            "git_clone_url": "git://github.com/nonlinear-solutions/kanban.git",
            "gitignore_template": "Terraform",
            "has_discussions": false,
            "has_downloads": false,
            "has_issues": true,
            "has_projects": false,
            "has_wiki": false,
            "homepage_url": "",
            "html_url": "https://github.com/nonlinear-solutions/kanban",
            "http_clone_url": "https://github.com/nonlinear-solutions/kanban.git",
            "id": "kanban",
            "ignore_vulnerability_alerts_during_read": null,
            "is_template": false,
            "license_template": null,
            "merge_commit_message": "PR_TITLE",
            "merge_commit_title": "MERGE_MESSAGE",
            "name": "kanban",
            "node_id": "R_kgDORLeY9w",
            "pages": [],
            "primary_language": "HCL",
            "private": true,
            "repo_id": 1152882935,
            "security_and_analysis": [],
            "squash_merge_commit_message": "COMMIT_MESSAGES",
            "squash_merge_commit_title": "COMMIT_OR_PR_TITLE",
            "ssh_clone_url": "git@github.com:nonlinear-solutions/kanban.git",
            "svn_url": "https://github.com/nonlinear-solutions/kanban",
            "template": [],
            "topics": [],
            "visibility": "private",
            "vulnerability_alerts": false
          },
          "sensitive_attributes": [],
          "identity_schema_version": 0,
          "private": "eyJzY2hlbWFfdmVyc2lvbiI6IjEifQ=="
        }
      ]
    },
    {
      "mode": "managed",
      "type": "github_repository_milestone",
      "name": "epics",
      "provider": "provider[\"registry.terraform.io/integrations/github\"]",
      "instances": [
        {
          "index_key": "ci-cd",
          "schema_version": 0,
          "attributes": {
            "description": "This milestone will include all deliverables that have to do with GitHub workflows that will perform the basic checks for an Elixir application. It will also build the Docker image and pull the latest images in production. ",
            "due_date": "2026-02-16",
            "id": "nonlinear-solutions/kanban/2",
            "number": 2,
            "owner": "nonlinear-solutions",
            "repository": "kanban",
            "state": "open",
            "title": "Continuous Deployment / Continuous Integration"
          },
          "sensitive_attributes": [],
          "identity_schema_version": 0,
          "private": "bnVsbA==",
          "dependencies": [
            "github_repository.kanban"
          ]
        },
        {
          "index_key": "documentation",
          "schema_version": 0,
          "attributes": {
            "description": "This milestone includes documentation for Terraform, Elixir, Packer and others and will converge with CI when needed. ",
            "due_date": "",
            "id": "nonlinear-solutions/kanban/4",
            "number": 4,
            "owner": "nonlinear-solutions",
            "repository": "kanban",
            "state": "open",
            "title": "Documentation"
          },
          "sensitive_attributes": [],
          "identity_schema_version": 0,
          "private": "bnVsbA==",
          "dependencies": [
            "github_repository.kanban"
          ]
        },
        {
          "index_key": "infrastructure",
          "schema_version": 0,
          "attributes": {
            "description": "This milestone includes all the deliverables related to building the application (e.g Dockerfile), provisioning AWS, the local environment and the base AMI with Packer. ",
            "due_date": "2026-02-16",
            "id": "nonlinear-solutions/kanban/3",
            "number": 3,
            "owner": "nonlinear-solutions",
            "repository": "kanban",
            "state": "open",
            "title": "Infrastructure"
          },
          "sensitive_attributes": [],
          "identity_schema_version": 0,
          "private": "bnVsbA==",
          "dependencies": [
            "github_repository.kanban"
          ]
        },
        {
          "index_key": "instrumentation",
          "schema_version": 0,
          "attributes": {
            "description": "This milestone will include all deliverables that have to do with the addition of basic instrumentation and BEAM specific metrics for your application. Any task(s) related to instrumentation (independently of which part of the stack they relate to) will be included in this milestone. ",
            "due_date": "2026-02-16",
            "id": "nonlinear-solutions/kanban/1",
            "number": 1,
            "owner": "nonlinear-solutions",
            "repository": "kanban",
            "state": "open",
            "title": "Instrumentation"
          },
          "sensitive_attributes": [],
          "identity_schema_version": 0,
          "private": "bnVsbA==",
          "dependencies": [
            "github_repository.kanban"
          ]
        },
        {
          "index_key": "uncategorized",
          "schema_version": 0,
          "attributes": {
            "description": "A milestone to add all issues that do not fit in any of the other milestones. This is an easy way to track those uncategorized tasks. ",
            "due_date": "",
            "id": "nonlinear-solutions/kanban/5",
            "number": 5,
            "owner": "nonlinear-solutions",
            "repository": "kanban",
            "state": "open",
            "title": "Uncategorized"
          },
          "sensitive_attributes": [],
          "identity_schema_version": 0,
          "private": "bnVsbA==",
          "dependencies": [
            "github_repository.kanban"
          ]
        }
      ]
    }
  ],
  "check_results": null
}
